
Microsoft Visual Studio Solution File, Format Version 12.00
# Visual Studio Version 17
VisualStudioVersion = 17.6.33829.357
MinimumVisualStudioVersion = 10.0.40219.1
Project("{FAE04EC0-301F-11D3-BF4B-00C04F79EFBC}") = "CSharp_zad2", "CSharp_zad2.csproj", "{966AE21F-817F-469E-998D-969E999DDE8B}"
EndProject
Global
	GlobalSection(SolutionConfigurationPlatforms) = preSolution
		Debug|Any CPU = Debug|Any CPU
		Release|Any CPU = Release|Any CPU
	EndGlobalSection
	GlobalSection(ProjectConfigurationPlatforms) = postSolution
		{966AE21F-817F-469E-998D-969E999DDE8B}.Debug|Any CPU.ActiveCfg = Debug|Any CPU
		{966AE21F-817F-469E-998D-969E999DDE8B}.Debug|Any CPU.Build.0 = Debug|Any CPU
		{966AE21F-817F-469E-998D-969E999DDE8B}.Release|Any CPU.ActiveCfg = Release|Any CPU
		{966AE21F-817F-469E-998D-969E999DDE8B}.Release|Any CPU.Build.0 = Release|Any CPU
	EndGlobalSection
	GlobalSection(SolutionProperties) = preSolution
		HideSolutionNode = FALSE
	EndGlobalSection
	GlobalSection(ExtensibilityGlobals) = postSolution
		SolutionGuid = {8D992406-6E88-4D06-92E3-F2B4B0B947CE}
	EndGlobalSection
EndGlobal
